
Microsoft Visual Studio Solution File, Format Version 12.00
# Visual Studio Version 16
VisualStudioVersion = 16.0.30011.22
MinimumVisualStudioVersion = 10.0.40219.1
Project("{FAE04EC0-301F-11D3-BF4B-00C04F79EFBC}") = "SmoPieShop", "SmoPieShop\SmoPieShop.csproj", "{80834F2B-2702-4082-881A-569D240F3BE6}"
EndProject
Global
	GlobalSection(SolutionConfigurationPlatforms) = preSolution
		Debug|Any CPU = Debug|Any CPU
		Release|Any CPU = Release|Any CPU
	EndGlobalSection
	GlobalSection(ProjectConfigurationPlatforms) = postSolution
		{80834F2B-2702-4082-881A-569D240F3BE6}.Debug|Any CPU.ActiveCfg = Debug|Any CPU
		{80834F2B-2702-4082-881A-569D240F3BE6}.Debug|Any CPU.Build.0 = Debug|Any CPU
		{80834F2B-2702-4082-881A-569D240F3BE6}.Release|Any CPU.ActiveCfg = Release|Any CPU
		{80834F2B-2702-4082-881A-569D240F3BE6}.Release|Any CPU.Build.0 = Release|Any CPU
	EndGlobalSection
	GlobalSection(SolutionProperties) = preSolution
		HideSolutionNode = FALSE
	EndGlobalSection
	GlobalSection(ExtensibilityGlobals) = postSolution
		SolutionGuid = {0A25BC37-B313-4D67-A806-C48477D61A7F}
	EndGlobalSection
EndGlobal
